// !$*UTF8*$!
{
	archiveVersion = 1;
	classes = {
	};
	objectVersion = 54;
	objects = {

/* Begin PBXBuildFile section */
		9E7FA3102A12361E00C49B7C /* xexts.c in Sources */ = {isa = PBXBuildFile; fileRef = 9E7FA2E92A12361E00C49B7C /* xexts.c */; };
		9E7FA3112A12361E00C49B7C /* lhash.c in Sources */ = {isa = PBXBuildFile; fileRef = 9E7FA2EA2A12361E00C49B7C /* lhash.c */; };
		9E7FA3122A12361E00C49B7C /* cipher.c in Sources */ = {isa = PBXBuildFile; fileRef = 9E7FA2EB2A12361E00C49B7C /* cipher.c */; };
		9E7FA3132A12361E00C49B7C /* csr.c in Sources */ = {isa = PBXBuildFile; fileRef = 9E7FA2EC2A12361E00C49B7C /* csr.c */; };
		9E7FA3142A12361E00C49B7C /* ssl.c in Sources */ = {isa = PBXBuildFile; fileRef = 9E7FA2ED2A12361E00C49B7C /* ssl.c */; };
		9E7FA3152A12361E00C49B7C /* ec.c in Sources */ = {isa = PBXBuildFile; fileRef = 9E7FA2EE2A12361E00C49B7C /* ec.c */; };
		9E7FA3162A12361E00C49B7C /* bio.c in Sources */ = {isa = PBXBuildFile; fileRef = 9E7FA2EF2A12361E00C49B7C /* bio.c */; };
		9E7FA3172A12361E00C49B7C /* xstore.c in Sources */ = {isa = PBXBuildFile; fileRef = 9E7FA2F02A12361E00C49B7C /* xstore.c */; };
		9E7FA3182A12361E00C49B7C /* x509.c in Sources */ = {isa = PBXBuildFile; fileRef = 9E7FA2F22A12361E00C49B7C /* x509.c */; };
		9E7FA3192A12361E00C49B7C /* xalgor.c in Sources */ = {isa = PBXBuildFile; fileRef = 9E7FA2F32A12361E00C49B7C /* xalgor.c */; };
		9E7FA31A2A12361E00C49B7C /* dsa.c in Sources */ = {isa = PBXBuildFile; fileRef = 9E7FA2F42A12361E00C49B7C /* dsa.c */; };
		9E7FA31B2A12361E00C49B7C /* digest.c in Sources */ = {isa = PBXBuildFile; fileRef = 9E7FA2F52A12361E00C49B7C /* digest.c */; };
		9E7FA31C2A12361E00C49B7C /* misc.c in Sources */ = {isa = PBXBuildFile; fileRef = 9E7FA2F62A12361E00C49B7C /* misc.c */; };
		9E7FA31D2A12361E00C49B7C /* ocsp.c in Sources */ = {isa = PBXBuildFile; fileRef = 9E7FA2F72A12361E00C49B7C /* ocsp.c */; };
		9E7FA31E2A12361E00C49B7C /* xattrs.c in Sources */ = {isa = PBXBuildFile; fileRef = 9E7FA2F82A12361E00C49B7C /* xattrs.c */; };
		9E7FA31F2A12361E00C49B7C /* engine.c in Sources */ = {isa = PBXBuildFile; fileRef = 9E7FA2F92A12361E00C49B7C /* engine.c */; };
		9E7FA3202A12361E00C49B7C /* subsidiar.h in Headers */ = {isa = PBXBuildFile; fileRef = 9E7FA2FA2A12361E00C49B7C /* subsidiar.h */; };
		9E7FA3212A12361E00C49B7C /* ots.c in Sources */ = {isa = PBXBuildFile; fileRef = 9E7FA2FB2A12361E00C49B7C /* ots.c */; };
		9E7FA3222A12361E00C49B7C /* crl.c in Sources */ = {isa = PBXBuildFile; fileRef = 9E7FA2FC2A12361E00C49B7C /* crl.c */; };
		9E7FA3232A12361E00C49B7C /* subsidiar.c in Sources */ = {isa = PBXBuildFile; fileRef = 9E7FA2FD2A12361E00C49B7C /* subsidiar.c */; };
		9E7FA3242A12361E00C49B7C /* pkcs7.c in Sources */ = {isa = PBXBuildFile; fileRef = 9E7FA2FE2A12361E00C49B7C /* pkcs7.c */; };
		9E7FA3252A12361E00C49B7C /* compat-5.3.h in Headers */ = {isa = PBXBuildFile; fileRef = 9E7FA2FF2A12361E00C49B7C /* compat-5.3.h */; };
		9E7FA3262A12361E00C49B7C /* callback.c in Sources */ = {isa = PBXBuildFile; fileRef = 9E7FA3002A12361E00C49B7C /* callback.c */; };
		9E7FA3272A12361E00C49B7C /* cms.c in Sources */ = {isa = PBXBuildFile; fileRef = 9E7FA3012A12361E00C49B7C /* cms.c */; };
		9E7FA3282A12361E00C49B7C /* pkey.c in Sources */ = {isa = PBXBuildFile; fileRef = 9E7FA3022A12361E00C49B7C /* pkey.c */; };
		9E7FA3292A12361E00C49B7C /* compat-5.3.c in Sources */ = {isa = PBXBuildFile; fileRef = 9E7FA3032A12361E00C49B7C /* compat-5.3.c */; };
		9E7FA32A2A12361E00C49B7C /* srp.c in Sources */ = {isa = PBXBuildFile; fileRef = 9E7FA3042A12361E00C49B7C /* srp.c */; };
		9E7FA32B2A12361E00C49B7C /* hmac.c in Sources */ = {isa = PBXBuildFile; fileRef = 9E7FA3052A12361E00C49B7C /* hmac.c */; };
		9E7FA32C2A12361E00C49B7C /* asn1.c in Sources */ = {isa = PBXBuildFile; fileRef = 9E7FA3062A12361E00C49B7C /* asn1.c */; };
		9E7FA32D2A12361E00C49B7C /* dh.c in Sources */ = {isa = PBXBuildFile; fileRef = 9E7FA3072A12361E00C49B7C /* dh.c */; };
		9E7FA32E2A12361E00C49B7C /* openssl.c in Sources */ = {isa = PBXBuildFile; fileRef = 9E7FA3082A12361E00C49B7C /* openssl.c */; };
		9E7FA32F2A12361E00C49B7C /* lbn.c in Sources */ = {isa = PBXBuildFile; fileRef = 9E7FA3092A12361E00C49B7C /* lbn.c */; };
		9E7FA3302A12361E00C49B7C /* xname.c in Sources */ = {isa = PBXBuildFile; fileRef = 9E7FA30A2A12361E00C49B7C /* xname.c */; };
		9E7FA3312A12361E00C49B7C /* compat.c in Sources */ = {isa = PBXBuildFile; fileRef = 9E7FA30B2A12361E00C49B7C /* compat.c */; };
		9E7FA3322A12361E00C49B7C /* rsa.c in Sources */ = {isa = PBXBuildFile; fileRef = 9E7FA30C2A12361E00C49B7C /* rsa.c */; };
		9E7FA3332A12361E00C49B7C /* pkcs12.c in Sources */ = {isa = PBXBuildFile; fileRef = 9E7FA30D2A12361E00C49B7C /* pkcs12.c */; };
		9E7FA3342A12361E00C49B7C /* th-lock.c in Sources */ = {isa = PBXBuildFile; fileRef = 9E7FA30E2A12361E00C49B7C /* th-lock.c */; };
		9E7FA3352A12361E00C49B7C /* util.c in Sources */ = {isa = PBXBuildFile; fileRef = 9E7FA30F2A12361E00C49B7C /* util.c */; };
		9E7FA33C2A12364600C49B7C /* config.c in Sources */ = {isa = PBXBuildFile; fileRef = 9E7FA3372A12364600C49B7C /* config.c */; };
		9E7FA33D2A12364600C49B7C /* x509.c in Sources */ = {isa = PBXBuildFile; fileRef = 9E7FA3382A12364600C49B7C /* x509.c */; };
		9E7FA33E2A12364600C49B7C /* ec.c in Sources */ = {isa = PBXBuildFile; fileRef = 9E7FA3392A12364600C49B7C /* ec.c */; };
		9E7FA33F2A12364600C49B7C /* ssl.c in Sources */ = {isa = PBXBuildFile; fileRef = 9E7FA33A2A12364600C49B7C /* ssl.c */; };
		9E7FA3402A12364600C49B7C /* context.c in Sources */ = {isa = PBXBuildFile; fileRef = 9E7FA33B2A12364600C49B7C /* context.c */; };
		9E7FA3452A12370F00C49B7C /* plugin_luasec_https.lua in Sources */ = {isa = PBXBuildFile; fileRef = 9E7FA3432A12370F00C49B7C /* plugin_luasec_https.lua */; };
		9E7FA3462A12370F00C49B7C /* plugin_luasec_ssl.lua in Sources */ = {isa = PBXBuildFile; fileRef = 9E7FA3442A12370F00C49B7C /* plugin_luasec_ssl.lua */; };
		9EC8564B2A1329CA00A87E1B /* libcrypto-macos.a in Frameworks */ = {isa = PBXBuildFile; fileRef = 9EC856492A1329CA00A87E1B /* libcrypto-macos.a */; };
		9EC8564C2A1329CA00A87E1B /* libssl-macos.a in Frameworks */ = {isa = PBXBuildFile; fileRef = 9EC8564A2A1329CA00A87E1B /* libssl-macos.a */; };
/* End PBXBuildFile section */

/* Begin PBXBuildRule section */
		A491863C1641DDB800A39286 /* PBXBuildRule */ = {
			isa = PBXBuildRule;
			compilerSpec = com.apple.compilers.proxy.script;
			filePatterns = "*.lua";
			fileType = pattern.proxy;
			inputFiles = (
			);
			isEditable = 1;
			outputFiles = (
				"$(SRCROOT)/../sdk-lua-openssl/src/$(INPUT_FILE_BASE).c",
			);
			runOncePerArchitecture = 0;
			script = "CORONA_MAC_BIN_DIR=$CORONA_ROOT/Corona/mac/bin\n\nif [ ! -x \"$CORONA_MAC_BIN_DIR/lua\" ]; then\n    echo \"error: Unable to run $CORONA_MAC_BIN_DIR/lua\"\n    exit 1\nfi\n\nif [ ! -x \"$CORONA_MAC_BIN_DIR/lua2c.sh\" ]; then\n    echo \"error: Unable to run $CORONA_MAC_BIN_DIR/lua2c.sh\"\n    exit 2\nfi\n\n# the `CONFIGURATION` seems not affect outputs\n\"$CORONA_MAC_BIN_DIR/lua2c.sh\" \"$INPUT_FILE_PATH\" \"$SRCROOT/../sdk-lua-openssl/src\" \"$CONFIGURATION\" \"$CORONA_MAC_BIN_DIR\"\n";
		};
/* End PBXBuildRule section */

/* Begin PBXFileReference section */
		9E7FA2E92A12361E00C49B7C /* xexts.c */ = {isa = PBXFileReference; fileEncoding = 4; lastKnownFileType = sourcecode.c.c; name = xexts.c; path = "../sdk-lua-openssl/src/xexts.c"; sourceTree = "<group>"; };
		9E7FA2EA2A12361E00C49B7C /* lhash.c */ = {isa = PBXFileReference; fileEncoding = 4; lastKnownFileType = sourcecode.c.c; name = lhash.c; path = "../sdk-lua-openssl/src/lhash.c"; sourceTree = "<group>"; };
		9E7FA2EB2A12361E00C49B7C /* cipher.c */ = {isa = PBXFileReference; fileEncoding = 4; lastKnownFileType = sourcecode.c.c; name = cipher.c; path = "../sdk-lua-openssl/src/cipher.c"; sourceTree = "<group>"; };
		9E7FA2EC2A12361E00C49B7C /* csr.c */ = {isa = PBXFileReference; fileEncoding = 4; lastKnownFileType = sourcecode.c.c; name = csr.c; path = "../sdk-lua-openssl/src/csr.c"; sourceTree = "<group>"; };
		9E7FA2ED2A12361E00C49B7C /* ssl.c */ = {isa = PBXFileReference; fileEncoding = 4; lastKnownFileType = sourcecode.c.c; name = ssl.c; path = "../sdk-lua-openssl/src/ssl.c"; sourceTree = "<group>"; };
		9E7FA2EE2A12361E00C49B7C /* ec.c */ = {isa = PBXFileReference; fileEncoding = 4; lastKnownFileType = sourcecode.c.c; name = ec.c; path = "../sdk-lua-openssl/src/ec.c"; sourceTree = "<group>"; };
		9E7FA2EF2A12361E00C49B7C /* bio.c */ = {isa = PBXFileReference; fileEncoding = 4; lastKnownFileType = sourcecode.c.c; name = bio.c; path = "../sdk-lua-openssl/src/bio.c"; sourceTree = "<group>"; };
		9E7FA2F02A12361E00C49B7C /* xstore.c */ = {isa = PBXFileReference; fileEncoding = 4; lastKnownFileType = sourcecode.c.c; name = xstore.c; path = "../sdk-lua-openssl/src/xstore.c"; sourceTree = "<group>"; };
		9E7FA2F12A12361E00C49B7C /* oids.txt */ = {isa = PBXFileReference; fileEncoding = 4; lastKnownFileType = text; name = oids.txt; path = "../sdk-lua-openssl/src/oids.txt"; sourceTree = "<group>"; };
		9E7FA2F22A12361E00C49B7C /* x509.c */ = {isa = PBXFileReference; fileEncoding = 4; lastKnownFileType = sourcecode.c.c; name = x509.c; path = "../sdk-lua-openssl/src/x509.c"; sourceTree = "<group>"; };
		9E7FA2F32A12361E00C49B7C /* xalgor.c */ = {isa = PBXFileReference; fileEncoding = 4; lastKnownFileType = sourcecode.c.c; name = xalgor.c; path = "../sdk-lua-openssl/src/xalgor.c"; sourceTree = "<group>"; };
		9E7FA2F42A12361E00C49B7C /* dsa.c */ = {isa = PBXFileReference; fileEncoding = 4; lastKnownFileType = sourcecode.c.c; name = dsa.c; path = "../sdk-lua-openssl/src/dsa.c"; sourceTree = "<group>"; };
		9E7FA2F52A12361E00C49B7C /* digest.c */ = {isa = PBXFileReference; fileEncoding = 4; lastKnownFileType = sourcecode.c.c; name = digest.c; path = "../sdk-lua-openssl/src/digest.c"; sourceTree = "<group>"; };
		9E7FA2F62A12361E00C49B7C /* misc.c */ = {isa = PBXFileReference; fileEncoding = 4; lastKnownFileType = sourcecode.c.c; name = misc.c; path = "../sdk-lua-openssl/src/misc.c"; sourceTree = "<group>"; };
		9E7FA2F72A12361E00C49B7C /* ocsp.c */ = {isa = PBXFileReference; fileEncoding = 4; lastKnownFileType = sourcecode.c.c; name = ocsp.c; path = "../sdk-lua-openssl/src/ocsp.c"; sourceTree = "<group>"; };
		9E7FA2F82A12361E00C49B7C /* xattrs.c */ = {isa = PBXFileReference; fileEncoding = 4; lastKnownFileType = sourcecode.c.c; name = xattrs.c; path = "../sdk-lua-openssl/src/xattrs.c"; sourceTree = "<group>"; };
		9E7FA2F92A12361E00C49B7C /* engine.c */ = {isa = PBXFileReference; fileEncoding = 4; lastKnownFileType = sourcecode.c.c; name = engine.c; path = "../sdk-lua-openssl/src/engine.c"; sourceTree = "<group>"; };
		9E7FA2FA2A12361E00C49B7C /* subsidiar.h */ = {isa = PBXFileReference; fileEncoding = 4; lastKnownFileType = sourcecode.c.h; name = subsidiar.h; path = "../sdk-lua-openssl/deps/auxiliar/subsidiar.h"; sourceTree = "<group>"; };
		9E7FA2FB2A12361E00C49B7C /* ots.c */ = {isa = PBXFileReference; fileEncoding = 4; lastKnownFileType = sourcecode.c.c; name = ots.c; path = "../sdk-lua-openssl/src/ots.c"; sourceTree = "<group>"; };
		9E7FA2FC2A12361E00C49B7C /* crl.c */ = {isa = PBXFileReference; fileEncoding = 4; lastKnownFileType = sourcecode.c.c; name = crl.c; path = "../sdk-lua-openssl/src/crl.c"; sourceTree = "<group>"; };
		9E7FA2FD2A12361E00C49B7C /* subsidiar.c */ = {isa = PBXFileReference; fileEncoding = 4; lastKnownFileType = sourcecode.c.c; name = subsidiar.c; path = "../sdk-lua-openssl/deps/auxiliar/subsidiar.c"; sourceTree = "<group>"; };
		9E7FA2FE2A12361E00C49B7C /* pkcs7.c */ = {isa = PBXFileReference; fileEncoding = 4; lastKnownFileType = sourcecode.c.c; name = pkcs7.c; path = "../sdk-lua-openssl/src/pkcs7.c"; sourceTree = "<group>"; };
		9E7FA2FF2A12361E00C49B7C /* compat-5.3.h */ = {isa = PBXFileReference; fileEncoding = 4; lastKnownFileType = sourcecode.c.h; name = "compat-5.3.h"; path = "../sdk-lua-openssl/deps/lua-compat/c-api/compat-5.3.h"; sourceTree = "<group>"; };
		9E7FA3002A12361E00C49B7C /* callback.c */ = {isa = PBXFileReference; fileEncoding = 4; lastKnownFileType = sourcecode.c.c; name = callback.c; path = "../sdk-lua-openssl/src/callback.c"; sourceTree = "<group>"; };
		9E7FA3012A12361E00C49B7C /* cms.c */ = {isa = PBXFileReference; fileEncoding = 4; lastKnownFileType = sourcecode.c.c; name = cms.c; path = "../sdk-lua-openssl/src/cms.c"; sourceTree = "<group>"; };
		9E7FA3022A12361E00C49B7C /* pkey.c */ = {isa = PBXFileReference; fileEncoding = 4; lastKnownFileType = sourcecode.c.c; name = pkey.c; path = "../sdk-lua-openssl/src/pkey.c"; sourceTree = "<group>"; };
		9E7FA3032A12361E00C49B7C /* compat-5.3.c */ = {isa = PBXFileReference; fileEncoding = 4; lastKnownFileType = sourcecode.c.c; name = "compat-5.3.c"; path = "../sdk-lua-openssl/deps/lua-compat/c-api/compat-5.3.c"; sourceTree = "<group>"; };
		9E7FA3042A12361E00C49B7C /* srp.c */ = {isa = PBXFileReference; fileEncoding = 4; lastKnownFileType = sourcecode.c.c; name = srp.c; path = "../sdk-lua-openssl/src/srp.c"; sourceTree = "<group>"; };
		9E7FA3052A12361E00C49B7C /* hmac.c */ = {isa = PBXFileReference; fileEncoding = 4; lastKnownFileType = sourcecode.c.c; name = hmac.c; path = "../sdk-lua-openssl/src/hmac.c"; sourceTree = "<group>"; };
		9E7FA3062A12361E00C49B7C /* asn1.c */ = {isa = PBXFileReference; fileEncoding = 4; lastKnownFileType = sourcecode.c.c; name = asn1.c; path = "../sdk-lua-openssl/src/asn1.c"; sourceTree = "<group>"; };
		9E7FA3072A12361E00C49B7C /* dh.c */ = {isa = PBXFileReference; fileEncoding = 4; lastKnownFileType = sourcecode.c.c; name = dh.c; path = "../sdk-lua-openssl/src/dh.c"; sourceTree = "<group>"; };
		9E7FA3082A12361E00C49B7C /* openssl.c */ = {isa = PBXFileReference; fileEncoding = 4; lastKnownFileType = sourcecode.c.c; name = openssl.c; path = "../sdk-lua-openssl/src/openssl.c"; sourceTree = "<group>"; };
		9E7FA3092A12361E00C49B7C /* lbn.c */ = {isa = PBXFileReference; fileEncoding = 4; lastKnownFileType = sourcecode.c.c; name = lbn.c; path = "../sdk-lua-openssl/src/lbn.c"; sourceTree = "<group>"; };
		9E7FA30A2A12361E00C49B7C /* xname.c */ = {isa = PBXFileReference; fileEncoding = 4; lastKnownFileType = sourcecode.c.c; name = xname.c; path = "../sdk-lua-openssl/src/xname.c"; sourceTree = "<group>"; };
		9E7FA30B2A12361E00C49B7C /* compat.c */ = {isa = PBXFileReference; fileEncoding = 4; lastKnownFileType = sourcecode.c.c; name = compat.c; path = "../sdk-lua-openssl/src/compat.c"; sourceTree = "<group>"; };
		9E7FA30C2A12361E00C49B7C /* rsa.c */ = {isa = PBXFileReference; fileEncoding = 4; lastKnownFileType = sourcecode.c.c; name = rsa.c; path = "../sdk-lua-openssl/src/rsa.c"; sourceTree = "<group>"; };
		9E7FA30D2A12361E00C49B7C /* pkcs12.c */ = {isa = PBXFileReference; fileEncoding = 4; lastKnownFileType = sourcecode.c.c; name = pkcs12.c; path = "../sdk-lua-openssl/src/pkcs12.c"; sourceTree = "<group>"; };
		9E7FA30E2A12361E00C49B7C /* th-lock.c */ = {isa = PBXFileReference; fileEncoding = 4; lastKnownFileType = sourcecode.c.c; name = "th-lock.c"; path = "../sdk-lua-openssl/src/th-lock.c"; sourceTree = "<group>"; };
		9E7FA30F2A12361E00C49B7C /* util.c */ = {isa = PBXFileReference; fileEncoding = 4; lastKnownFileType = sourcecode.c.c; name = util.c; path = "../sdk-lua-openssl/src/util.c"; sourceTree = "<group>"; };
		9E7FA3372A12364600C49B7C /* config.c */ = {isa = PBXFileReference; fileEncoding = 4; lastKnownFileType = sourcecode.c.c; name = config.c; path = "../sdk-luasocket/src/config.c"; sourceTree = "<group>"; };
		9E7FA3382A12364600C49B7C /* x509.c */ = {isa = PBXFileReference; fileEncoding = 4; lastKnownFileType = sourcecode.c.c; name = x509.c; path = "../sdk-luasocket/src/x509.c"; sourceTree = "<group>"; };
		9E7FA3392A12364600C49B7C /* ec.c */ = {isa = PBXFileReference; fileEncoding = 4; lastKnownFileType = sourcecode.c.c; name = ec.c; path = "../sdk-luasocket/src/ec.c"; sourceTree = "<group>"; };
		9E7FA33A2A12364600C49B7C /* ssl.c */ = {isa = PBXFileReference; fileEncoding = 4; lastKnownFileType = sourcecode.c.c; name = ssl.c; path = "../sdk-luasocket/src/ssl.c"; sourceTree = "<group>"; };
		9E7FA33B2A12364600C49B7C /* context.c */ = {isa = PBXFileReference; fileEncoding = 4; lastKnownFileType = sourcecode.c.c; name = context.c; path = "../sdk-luasocket/src/context.c"; sourceTree = "<group>"; };
		9E7FA3432A12370F00C49B7C /* plugin_luasec_https.lua */ = {isa = PBXFileReference; lastKnownFileType = text; name = plugin_luasec_https.lua; path = "../sdk-lua-openssl/input_for_lua2c/plugin_luasec_https.lua"; sourceTree = "<group>"; };
		9E7FA3442A12370F00C49B7C /* plugin_luasec_ssl.lua */ = {isa = PBXFileReference; lastKnownFileType = text; name = plugin_luasec_ssl.lua; path = "../sdk-lua-openssl/input_for_lua2c/plugin_luasec_ssl.lua"; sourceTree = "<group>"; };
		9EC856492A1329CA00A87E1B /* libcrypto-macos.a */ = {isa = PBXFileReference; lastKnownFileType = archive.ar; name = "libcrypto-macos.a"; path = "lib/libcrypto-macos.a"; sourceTree = "<group>"; };
		9EC8564A2A1329CA00A87E1B /* libssl-macos.a */ = {isa = PBXFileReference; lastKnownFileType = archive.ar; name = "libssl-macos.a"; path = "lib/libssl-macos.a"; sourceTree = "<group>"; };
		A4430897164C70D800B9117B /* Foundation.framework */ = {isa = PBXFileReference; lastKnownFileType = wrapper.framework; name = Foundation.framework; path = System/Library/Frameworks/Foundation.framework; sourceTree = SDKROOT; };
		A49186401641DDB800A39286 /* plugin_opensslv3.dylib */ = {isa = PBXFileReference; explicitFileType = "compiled.mach-o.dylib"; includeInIndex = 0; path = plugin_opensslv3.dylib; sourceTree = BUILT_PRODUCTS_DIR; };
		F5815AB71EE5C6690027695F /* CoronaNative.xcconfig */ = {isa = PBXFileReference; lastKnownFileType = text.xcconfig; path = CoronaNative.xcconfig; sourceTree = "<group>"; };
/* End PBXFileReference section */

/* Begin PBXFrameworksBuildPhase section */
		A49186381641DDB800A39286 /* Frameworks */ = {
			isa = PBXFrameworksBuildPhase;
			buildActionMask = 2147483647;
			files = (
				9EC8564B2A1329CA00A87E1B /* libcrypto-macos.a in Frameworks */,
				9EC8564C2A1329CA00A87E1B /* libssl-macos.a in Frameworks */,
			);
			runOnlyForDeploymentPostprocessing = 0;
		};
/* End PBXFrameworksBuildPhase section */

/* Begin PBXGroup section */
		9E7FA2E82A1235DF00C49B7C /* lua-openssl */ = {
			isa = PBXGroup;
			children = (
				9E7FA3062A12361E00C49B7C /* asn1.c */,
				9E7FA2EF2A12361E00C49B7C /* bio.c */,
				9E7FA3002A12361E00C49B7C /* callback.c */,
				9E7FA2EB2A12361E00C49B7C /* cipher.c */,
				9E7FA3012A12361E00C49B7C /* cms.c */,
				9E7FA3032A12361E00C49B7C /* compat-5.3.c */,
				9E7FA2FF2A12361E00C49B7C /* compat-5.3.h */,
				9E7FA30B2A12361E00C49B7C /* compat.c */,
				9E7FA2FC2A12361E00C49B7C /* crl.c */,
				9E7FA2EC2A12361E00C49B7C /* csr.c */,
				9E7FA3072A12361E00C49B7C /* dh.c */,
				9E7FA2F52A12361E00C49B7C /* digest.c */,
				9E7FA2F42A12361E00C49B7C /* dsa.c */,
				9E7FA2EE2A12361E00C49B7C /* ec.c */,
				9E7FA2F92A12361E00C49B7C /* engine.c */,
				9E7FA3052A12361E00C49B7C /* hmac.c */,
				9E7FA3092A12361E00C49B7C /* lbn.c */,
				9E7FA2EA2A12361E00C49B7C /* lhash.c */,
				9E7FA2F62A12361E00C49B7C /* misc.c */,
				9E7FA2F72A12361E00C49B7C /* ocsp.c */,
				9E7FA2F12A12361E00C49B7C /* oids.txt */,
				9E7FA3082A12361E00C49B7C /* openssl.c */,
				9E7FA2FB2A12361E00C49B7C /* ots.c */,
				9E7FA2FE2A12361E00C49B7C /* pkcs7.c */,
				9E7FA30D2A12361E00C49B7C /* pkcs12.c */,
				9E7FA3022A12361E00C49B7C /* pkey.c */,
				9E7FA30C2A12361E00C49B7C /* rsa.c */,
				9E7FA3042A12361E00C49B7C /* srp.c */,
				9E7FA2ED2A12361E00C49B7C /* ssl.c */,
				9E7FA2FD2A12361E00C49B7C /* subsidiar.c */,
				9E7FA2FA2A12361E00C49B7C /* subsidiar.h */,
				9E7FA30E2A12361E00C49B7C /* th-lock.c */,
				9E7FA30F2A12361E00C49B7C /* util.c */,
				9E7FA2F22A12361E00C49B7C /* x509.c */,
				9E7FA2F32A12361E00C49B7C /* xalgor.c */,
				9E7FA2F82A12361E00C49B7C /* xattrs.c */,
				9E7FA2E92A12361E00C49B7C /* xexts.c */,
				9E7FA30A2A12361E00C49B7C /* xname.c */,
				9E7FA2F02A12361E00C49B7C /* xstore.c */,
			);
			name = "lua-openssl";
			sourceTree = "<group>";
		};
		9E7FA3362A12362600C49B7C /* luasec */ = {
			isa = PBXGroup;
			children = (
				9E7FA3372A12364600C49B7C /* config.c */,
				9E7FA33B2A12364600C49B7C /* context.c */,
				9E7FA3392A12364600C49B7C /* ec.c */,
				9E7FA33A2A12364600C49B7C /* ssl.c */,
				9E7FA3382A12364600C49B7C /* x509.c */,
			);
			name = luasec;
			sourceTree = "<group>";
		};
		9E7FA3412A12364B00C49B7C /* input_for_lua2c */ = {
			isa = PBXGroup;
			children = (
				9E7FA3432A12370F00C49B7C /* plugin_luasec_https.lua */,
				9E7FA3442A12370F00C49B7C /* plugin_luasec_ssl.lua */,
			);
			name = input_for_lua2c;
			sourceTree = "<group>";
		};
		A482DA7815F9B7E70084DC42 = {
			isa = PBXGroup;
			children = (
				9E7FA3412A12364B00C49B7C /* input_for_lua2c */,
				9E7FA3362A12362600C49B7C /* luasec */,
				9E7FA2E82A1235DF00C49B7C /* lua-openssl */,
				F5815AB61EE5C6540027695F /* CoronaNative */,
				A482DA8615F9B7E70084DC42 /* Frameworks */,
				A482DA8515F9B7E70084DC42 /* Products */,
			);
			sourceTree = "<group>";
		};
		A482DA8515F9B7E70084DC42 /* Products */ = {
			isa = PBXGroup;
			children = (
				A49186401641DDB800A39286 /* plugin_opensslv3.dylib */,
			);
			name = Products;
			sourceTree = "<group>";
		};
		A482DA8615F9B7E70084DC42 /* Frameworks */ = {
			isa = PBXGroup;
			children = (
				9EC856492A1329CA00A87E1B /* libcrypto-macos.a */,
				9EC8564A2A1329CA00A87E1B /* libssl-macos.a */,
				A4430897164C70D800B9117B /* Foundation.framework */,
			);
			name = Frameworks;
			sourceTree = "<group>";
		};
		F5815AB61EE5C6540027695F /* CoronaNative */ = {
			isa = PBXGroup;
			children = (
				F5815AB71EE5C6690027695F /* CoronaNative.xcconfig */,
			);
			name = CoronaNative;
			sourceTree = "<group>";
		};
/* End PBXGroup section */

/* Begin PBXHeadersBuildPhase section */
		A491863A1641DDB800A39286 /* Headers */ = {
			isa = PBXHeadersBuildPhase;
			buildActionMask = 2147483647;
			files = (
				9E7FA3252A12361E00C49B7C /* compat-5.3.h in Headers */,
				9E7FA3202A12361E00C49B7C /* subsidiar.h in Headers */,
			);
			runOnlyForDeploymentPostprocessing = 0;
		};
/* End PBXHeadersBuildPhase section */

/* Begin PBXNativeTarget section */
		A49186331641DDB800A39286 /* plugin_opensslv3 */ = {
			isa = PBXNativeTarget;
			buildConfigurationList = A491863D1641DDB800A39286 /* Build configuration list for PBXNativeTarget "plugin_opensslv3" */;
			buildPhases = (
				C22F67901EE9FA0A009D6E9D /* Corona Native */,
				9E3CB90E2A1233AC009E136A /* Solar2D BUILD version check */,
				A49186341641DDB800A39286 /* Sources */,
				A49186381641DDB800A39286 /* Frameworks */,
				A491863A1641DDB800A39286 /* Headers */,
				A445A9BA16AE072100A9A764 /* Copy to Simulator's Plugin Directory */,
			);
			buildRules = (
				A491863C1641DDB800A39286 /* PBXBuildRule */,
			);
			dependencies = (
			);
			name = plugin_opensslv3;
			productName = ads;
			productReference = A49186401641DDB800A39286 /* plugin_opensslv3.dylib */;
			productType = "com.apple.product-type.library.dynamic";
		};
/* End PBXNativeTarget section */

/* Begin PBXProject section */
		A482DA7A15F9B7E70084DC42 /* Project object */ = {
			isa = PBXProject;
			attributes = {
				LastUpgradeCheck = 0830;
			};
			buildConfigurationList = A482DA7D15F9B7E70084DC42 /* Build configuration list for PBXProject "Plugin" */;
			compatibilityVersion = "Xcode 3.2";
			developmentRegion = English;
			hasScannedForEncodings = 0;
			knownRegions = (
				English,
				en,
			);
			mainGroup = A482DA7815F9B7E70084DC42;
			productRefGroup = A482DA8515F9B7E70084DC42 /* Products */;
			projectDirPath = "";
			projectRoot = "";
			targets = (
				A49186331641DDB800A39286 /* plugin_opensslv3 */,
			);
		};
/* End PBXProject section */

/* Begin PBXShellScriptBuildPhase section */
		9E3CB90E2A1233AC009E136A /* Solar2D BUILD version check */ = {
			isa = PBXShellScriptBuildPhase;
			alwaysOutOfDate = 1;
			buildActionMask = 2147483647;
			files = (
			);
			inputFileListPaths = (
			);
			inputPaths = (
			);
			name = "Solar2D BUILD version check";
			outputFileListPaths = (
			);
			outputPaths = (
			);
			runOnlyForDeploymentPostprocessing = 0;
			shellPath = /bin/sh;
			shellScript = "# Check current Solar2D Native version same as wanted build based version\nWANT_BUILD=$(head -c 100 \"../SOLAR2DBUILD\")\nCURRENT_BUILD=$(head -c 100 \"$CORONA_ROOT/Corona/BUILD\")\n\nif [ \"$WANT_BUILD\" != \"$CURRENT_BUILD\" ]; then\n    echo \"error: WANT_BUILD '$WANT_BUILD' is different from CURRENT_BUILD '$CURRENT_BUILD'\"\n    exit 1\nelse\n    echo \"note: WANT_BUILD '$WANT_BUILD' is the same as CURRENT_BUILD '$CURRENT_BUILD'\"\nfi\n";
		};
		A445A9BA16AE072100A9A764 /* Copy to Simulator's Plugin Directory */ = {
			isa = PBXShellScriptBuildPhase;
			buildActionMask = 2147483647;
			files = (
			);
			inputPaths = (
			);
			name = "Copy to Simulator's Plugin Directory";
			outputPaths = (
			);
			runOnlyForDeploymentPostprocessing = 0;
			shellPath = /bin/sh;
			shellScript = "#\n# Checks exit value for error\n# \ncheckError() {\n    if [ $? -ne 0 ]\n    then\n        echo \"Exiting due to errors (above)\"\n        exit -1\n    fi\n}\n\nPLUGINS_DIR=\"${HOME}/Library/Application Support/Corona/Simulator/Plugins\"\n\nmkdir -p \"$PLUGINS_DIR\"\ncheckError\n\ncp -v $CONFIGURATION_BUILD_DIR/$FULL_PRODUCT_NAME \"$PLUGINS_DIR\"/.\ncheckError\n";
			showEnvVarsInLog = 0;
		};
		C22F67901EE9FA0A009D6E9D /* Corona Native */ = {
			isa = PBXShellScriptBuildPhase;
			buildActionMask = 2147483647;
			files = (
			);
			inputPaths = (
			);
			name = "Corona Native";
			outputPaths = (
			);
			runOnlyForDeploymentPostprocessing = 0;
			shellPath = /bin/sh;
			shellScript = "# echo \"CORONA_ROOT: ${CORONA_ROOT}\"\nif [ ! -d \"${CORONA_ROOT}\" ]\nthen\necho \"error: Corona Native has not been setup.  Run 'Native/SetupCoronaNative.app' in your Corona install to set it up\" >&2\n\nexit 1\nelse\necho \"Building with Corona Native from $(readlink \"${CORONA_ROOT}\")\"\nfi";
			showEnvVarsInLog = 0;
		};
/* End PBXShellScriptBuildPhase section */

/* Begin PBXSourcesBuildPhase section */
		A49186341641DDB800A39286 /* Sources */ = {
			isa = PBXSourcesBuildPhase;
			buildActionMask = 2147483647;
			files = (
				9E7FA3452A12370F00C49B7C /* plugin_luasec_https.lua in Sources */,
				9E7FA3462A12370F00C49B7C /* plugin_luasec_ssl.lua in Sources */,
				9E7FA33F2A12364600C49B7C /* ssl.c in Sources */,
				9E7FA3212A12361E00C49B7C /* ots.c in Sources */,
				9E7FA31C2A12361E00C49B7C /* misc.c in Sources */,
				9E7FA3142A12361E00C49B7C /* ssl.c in Sources */,
				9E7FA3132A12361E00C49B7C /* csr.c in Sources */,
				9E7FA3242A12361E00C49B7C /* pkcs7.c in Sources */,
				9E7FA33D2A12364600C49B7C /* x509.c in Sources */,
				9E7FA31A2A12361E00C49B7C /* dsa.c in Sources */,
				9E7FA32A2A12361E00C49B7C /* srp.c in Sources */,
				9E7FA31B2A12361E00C49B7C /* digest.c in Sources */,
				9E7FA32C2A12361E00C49B7C /* asn1.c in Sources */,
				9E7FA3312A12361E00C49B7C /* compat.c in Sources */,
				9E7FA32D2A12361E00C49B7C /* dh.c in Sources */,
				9E7FA32B2A12361E00C49B7C /* hmac.c in Sources */,
				9E7FA3192A12361E00C49B7C /* xalgor.c in Sources */,
				9E7FA3332A12361E00C49B7C /* pkcs12.c in Sources */,
				9E7FA3222A12361E00C49B7C /* crl.c in Sources */,
				9E7FA3272A12361E00C49B7C /* cms.c in Sources */,
				9E7FA3282A12361E00C49B7C /* pkey.c in Sources */,
				9E7FA3172A12361E00C49B7C /* xstore.c in Sources */,
				9E7FA3402A12364600C49B7C /* context.c in Sources */,
				9E7FA3112A12361E00C49B7C /* lhash.c in Sources */,
				9E7FA32E2A12361E00C49B7C /* openssl.c in Sources */,
				9E7FA3342A12361E00C49B7C /* th-lock.c in Sources */,
				9E7FA3352A12361E00C49B7C /* util.c in Sources */,
				9E7FA32F2A12361E00C49B7C /* lbn.c in Sources */,
				9E7FA31E2A12361E00C49B7C /* xattrs.c in Sources */,
				9E7FA3262A12361E00C49B7C /* callback.c in Sources */,
				9E7FA3102A12361E00C49B7C /* xexts.c in Sources */,
				9E7FA3182A12361E00C49B7C /* x509.c in Sources */,
				9E7FA33E2A12364600C49B7C /* ec.c in Sources */,
				9E7FA3292A12361E00C49B7C /* compat-5.3.c in Sources */,
				9E7FA3232A12361E00C49B7C /* subsidiar.c in Sources */,
				9E7FA3152A12361E00C49B7C /* ec.c in Sources */,
				9E7FA3302A12361E00C49B7C /* xname.c in Sources */,
				9E7FA3322A12361E00C49B7C /* rsa.c in Sources */,
				9E7FA31D2A12361E00C49B7C /* ocsp.c in Sources */,
				9E7FA3162A12361E00C49B7C /* bio.c in Sources */,
				9E7FA3122A12361E00C49B7C /* cipher.c in Sources */,
				9E7FA33C2A12364600C49B7C /* config.c in Sources */,
				9E7FA31F2A12361E00C49B7C /* engine.c in Sources */,
			);
			runOnlyForDeploymentPostprocessing = 0;
		};
/* End PBXSourcesBuildPhase section */

/* Begin XCBuildConfiguration section */
		A482DA9715F9B7E70084DC42 /* Debug */ = {
			isa = XCBuildConfiguration;
			baseConfigurationReference = F5815AB71EE5C6690027695F /* CoronaNative.xcconfig */;
			buildSettings = {
				ALWAYS_SEARCH_USER_PATHS = NO;
				CLANG_CXX_LANGUAGE_STANDARD = "c++0x";
				CLANG_CXX_LIBRARY = "libc++";
				CLANG_WARN_BOOL_CONVERSION = YES;
				CLANG_WARN_CONSTANT_CONVERSION = YES;
				CLANG_WARN_EMPTY_BODY = YES;
				CLANG_WARN_ENUM_CONVERSION = YES;
				CLANG_WARN_INFINITE_RECURSION = YES;
				CLANG_WARN_INT_CONVERSION = YES;
				CLANG_WARN_SUSPICIOUS_MOVE = YES;
				CLANG_WARN_UNREACHABLE_CODE = YES;
				CLANG_WARN__DUPLICATE_METHOD_MATCH = YES;
				COPY_PHASE_STRIP = NO;
				ENABLE_STRICT_OBJC_MSGSEND = YES;
				ENABLE_TESTABILITY = YES;
				GCC_C_LANGUAGE_STANDARD = gnu99;
				GCC_DYNAMIC_NO_PIC = NO;
				GCC_ENABLE_OBJC_EXCEPTIONS = YES;
				GCC_NO_COMMON_BLOCKS = YES;
				GCC_OPTIMIZATION_LEVEL = 0;
				GCC_SYMBOLS_PRIVATE_EXTERN = NO;
				GCC_WARN_64_TO_32_BIT_CONVERSION = YES;
				GCC_WARN_ABOUT_RETURN_TYPE = YES;
				GCC_WARN_UNDECLARED_SELECTOR = YES;
				GCC_WARN_UNINITIALIZED_AUTOS = YES;
				GCC_WARN_UNUSED_FUNCTION = YES;
				GCC_WARN_UNUSED_VARIABLE = YES;
				HEADER_SEARCH_PATHS = (
					"$(inherited)",
					"\"$(CORONA_ROOT)/Corona/shared/include/Corona\"",
					"\"$(CORONA_ROOT)/Corona/shared/include/lua\"",
					"\"$(CORONA_ROOT)/Corona/ios/include/Corona\"",
					"../sdk-luasocket/src",
					"../sdk-lua-openssl/src",
					lib/include,
				);
				MACOSX_DEPLOYMENT_TARGET = 10.15;
				ONLY_ACTIVE_ARCH = YES;
				SDKROOT = macosx;
			};
			name = Debug;
		};
		A482DA9815F9B7E70084DC42 /* Release */ = {
			isa = XCBuildConfiguration;
			baseConfigurationReference = F5815AB71EE5C6690027695F /* CoronaNative.xcconfig */;
			buildSettings = {
				ALWAYS_SEARCH_USER_PATHS = NO;
				CLANG_CXX_LANGUAGE_STANDARD = "c++0x";
				CLANG_CXX_LIBRARY = "libc++";
				CLANG_WARN_BOOL_CONVERSION = YES;
				CLANG_WARN_CONSTANT_CONVERSION = YES;
				CLANG_WARN_EMPTY_BODY = YES;
				CLANG_WARN_ENUM_CONVERSION = YES;
				CLANG_WARN_INFINITE_RECURSION = YES;
				CLANG_WARN_INT_CONVERSION = YES;
				CLANG_WARN_SUSPICIOUS_MOVE = YES;
				CLANG_WARN_UNREACHABLE_CODE = YES;
				CLANG_WARN__DUPLICATE_METHOD_MATCH = YES;
				COPY_PHASE_STRIP = YES;
				DEBUG_INFORMATION_FORMAT = "dwarf-with-dsym";
				ENABLE_STRICT_OBJC_MSGSEND = YES;
				GCC_C_LANGUAGE_STANDARD = gnu99;
				GCC_ENABLE_OBJC_EXCEPTIONS = YES;
				GCC_NO_COMMON_BLOCKS = YES;
				GCC_WARN_64_TO_32_BIT_CONVERSION = YES;
				GCC_WARN_ABOUT_RETURN_TYPE = YES;
				GCC_WARN_UNDECLARED_SELECTOR = YES;
				GCC_WARN_UNINITIALIZED_AUTOS = YES;
				GCC_WARN_UNUSED_FUNCTION = YES;
				GCC_WARN_UNUSED_VARIABLE = YES;
				HEADER_SEARCH_PATHS = (
					"$(inherited)",
					"\"$(CORONA_ROOT)/Corona/shared/include/Corona\"",
					"\"$(CORONA_ROOT)/Corona/shared/include/lua\"",
					"\"$(CORONA_ROOT)/Corona/ios/include/Corona\"",
					"../sdk-luasocket/src",
					"../sdk-lua-openssl/src",
					lib/include,
				);
				MACOSX_DEPLOYMENT_TARGET = 10.15;
				SDKROOT = macosx;
			};
			name = Release;
		};
		A491863E1641DDB800A39286 /* Debug */ = {
			isa = XCBuildConfiguration;
			buildSettings = {
				DYLIB_COMPATIBILITY_VERSION = 1;
				DYLIB_CURRENT_VERSION = 1;
				GCC_PRECOMPILE_PREFIX_HEADER = YES;
				INSTALL_PATH = "@rpath";
				LIBRARY_SEARCH_PATHS = (
					"$(inherited)",
					"$(PROJECT_DIR)/lib",
				);
				PRODUCT_NAME = "$(TARGET_NAME)";
			};
			name = Debug;
		};
		A491863F1641DDB800A39286 /* Release */ = {
			isa = XCBuildConfiguration;
			buildSettings = {
				DYLIB_COMPATIBILITY_VERSION = 1;
				DYLIB_CURRENT_VERSION = 1;
				GCC_PRECOMPILE_PREFIX_HEADER = YES;
				INSTALL_PATH = "@rpath";
				LIBRARY_SEARCH_PATHS = (
					"$(inherited)",
					"$(PROJECT_DIR)/lib",
				);
				PRODUCT_NAME = "$(TARGET_NAME)";
			};
			name = Release;
		};
/* End XCBuildConfiguration section */

/* Begin XCConfigurationList section */
		A482DA7D15F9B7E70084DC42 /* Build configuration list for PBXProject "Plugin" */ = {
			isa = XCConfigurationList;
			buildConfigurations = (
				A482DA9715F9B7E70084DC42 /* Debug */,
				A482DA9815F9B7E70084DC42 /* Release */,
			);
			defaultConfigurationIsVisible = 0;
			defaultConfigurationName = Release;
		};
		A491863D1641DDB800A39286 /* Build configuration list for PBXNativeTarget "plugin_opensslv3" */ = {
			isa = XCConfigurationList;
			buildConfigurations = (
				A491863E1641DDB800A39286 /* Debug */,
				A491863F1641DDB800A39286 /* Release */,
			);
			defaultConfigurationIsVisible = 0;
			defaultConfigurationName = Release;
		};
/* End XCConfigurationList section */
	};
	rootObject = A482DA7A15F9B7E70084DC42 /* Project object */;
}
