// !$*UTF8*$!
{
	archiveVersion = 1;
	classes = {
	};
	objectVersion = 46;
	objects = {

/* Begin PBXBuildFile section */
		4C9A8E111C618F0500F97F19 /* plugin_luasec_https.c in Sources */ = {isa = PBXBuildFile; fileRef = 505018521762D0DB00834415 /* plugin_luasec_https.c */; };
		4C9A8E141C619C5000F97F19 /* plugin_luasec_options.c in Sources */ = {isa = PBXBuildFile; fileRef = 4C9A8E131C619C5000F97F19 /* plugin_luasec_options.c */; };
		4CB889411C61476F00CB6DF2 /* x509.c in Sources */ = {isa = PBXBuildFile; fileRef = 4CB8893F1C61476F00CB6DF2 /* x509.c */; };
		502D3C7D171E32B100040046 /* libcrypto.a in Frameworks */ = {isa = PBXBuildFile; fileRef = 502D3C7B171E32B100040046 /* libcrypto.a */; };
		502D3C7E171E32B100040046 /* libssl.a in Frameworks */ = {isa = PBXBuildFile; fileRef = 502D3C7C171E32B100040046 /* libssl.a */; };
		50362DD917209608009972A3 /* bio.c in Sources */ = {isa = PBXBuildFile; fileRef = 50362DBF17209608009972A3 /* bio.c */; };
		50362DDA17209608009972A3 /* cipher.c in Sources */ = {isa = PBXBuildFile; fileRef = 50362DC017209608009972A3 /* cipher.c */; };
		50362DDB17209608009972A3 /* conf.c in Sources */ = {isa = PBXBuildFile; fileRef = 50362DC117209608009972A3 /* conf.c */; };
		50362DDC17209608009972A3 /* corona_auxiliar.c in Sources */ = {isa = PBXBuildFile; fileRef = 50362DC217209608009972A3 /* corona_auxiliar.c */; };
		50362DDD17209608009972A3 /* crl.c in Sources */ = {isa = PBXBuildFile; fileRef = 50362DC417209608009972A3 /* crl.c */; };
		50362DDE17209608009972A3 /* csr.c in Sources */ = {isa = PBXBuildFile; fileRef = 50362DC517209608009972A3 /* csr.c */; };
		50362DDF17209608009972A3 /* digest.c in Sources */ = {isa = PBXBuildFile; fileRef = 50362DC617209608009972A3 /* digest.c */; };
		50362DE017209608009972A3 /* engine.c in Sources */ = {isa = PBXBuildFile; fileRef = 50362DC817209608009972A3 /* engine.c */; };
		50362DE117209608009972A3 /* lbn.c in Sources */ = {isa = PBXBuildFile; fileRef = 50362DC917209608009972A3 /* lbn.c */; };
		50362DE217209608009972A3 /* misc.c in Sources */ = {isa = PBXBuildFile; fileRef = 50362DCA17209608009972A3 /* misc.c */; };
		50362DE317209608009972A3 /* ocsp.c in Sources */ = {isa = PBXBuildFile; fileRef = 50362DCB17209608009972A3 /* ocsp.c */; };
		50362DE417209608009972A3 /* openssl.c in Sources */ = {isa = PBXBuildFile; fileRef = 50362DCC17209608009972A3 /* openssl.c */; };
		50362DE517209608009972A3 /* ots.c in Sources */ = {isa = PBXBuildFile; fileRef = 50362DCE17209608009972A3 /* ots.c */; };
		50362DE617209608009972A3 /* pkcs7.c in Sources */ = {isa = PBXBuildFile; fileRef = 50362DCF17209608009972A3 /* pkcs7.c */; };
		50362DE717209608009972A3 /* pkcs12.c in Sources */ = {isa = PBXBuildFile; fileRef = 50362DD017209608009972A3 /* pkcs12.c */; };
		50362DE817209608009972A3 /* pkey.c in Sources */ = {isa = PBXBuildFile; fileRef = 50362DD117209608009972A3 /* pkey.c */; };
		50362DE917209608009972A3 /* ssl.c in Sources */ = {isa = PBXBuildFile; fileRef = 50362DD417209608009972A3 /* ssl.c */; };
		50362DEA17209608009972A3 /* x509.c in Sources */ = {isa = PBXBuildFile; fileRef = 50362DD517209608009972A3 /* x509.c */; };
		50362DEB17209608009972A3 /* xattrs.c in Sources */ = {isa = PBXBuildFile; fileRef = 50362DD617209608009972A3 /* xattrs.c */; };
		50362DEC17209608009972A3 /* xexts.c in Sources */ = {isa = PBXBuildFile; fileRef = 50362DD717209608009972A3 /* xexts.c */; };
		50362DED17209608009972A3 /* xname.c in Sources */ = {isa = PBXBuildFile; fileRef = 50362DD817209608009972A3 /* xname.c */; };
		505018551762D0DB00834415 /* plugin_luasec_ssl.c in Sources */ = {isa = PBXBuildFile; fileRef = 505018531762D0DB00834415 /* plugin_luasec_ssl.c */; };
		50951A051766A2C900A55651 /* context.c in Sources */ = {isa = PBXBuildFile; fileRef = 50951A011766A2C900A55651 /* context.c */; };
		50951A061766A2C900A55651 /* ssl.c in Sources */ = {isa = PBXBuildFile; fileRef = 50951A031766A2C900A55651 /* ssl.c */; };
		F52865C522C3EF63006B4A88 /* ec.c in Sources */ = {isa = PBXBuildFile; fileRef = F52865C422C3EF63006B4A88 /* ec.c */; };
		F52865C722C3EF9A006B4A88 /* config.c in Sources */ = {isa = PBXBuildFile; fileRef = F52865C622C3EF9A006B4A88 /* config.c */; };
		F864FA3E19D60B48004CDC62 /* functions.c in Sources */ = {isa = PBXBuildFile; fileRef = F864FA3C19D60B48004CDC62 /* functions.c */; };
/* End PBXBuildFile section */

/* Begin PBXCopyFilesBuildPhase section */
		A4E253B4166D6FB300DCDC2C /* CopyFiles */ = {
			isa = PBXCopyFilesBuildPhase;
			buildActionMask = 2147483647;
			dstPath = "include/${PRODUCT_NAME}";
			dstSubfolderSpec = 16;
			files = (
			);
			runOnlyForDeploymentPostprocessing = 0;
		};
/* End PBXCopyFilesBuildPhase section */

/* Begin PBXFileReference section */
		4C9A8E131C619C5000F97F19 /* plugin_luasec_options.c */ = {isa = PBXFileReference; fileEncoding = 4; lastKnownFileType = sourcecode.c.c; name = plugin_luasec_options.c; path = "../sdk-lua-openssl/src/plugin_luasec_options.c"; sourceTree = "<group>"; };
		4CB8893F1C61476F00CB6DF2 /* x509.c */ = {isa = PBXFileReference; fileEncoding = 4; lastKnownFileType = sourcecode.c.c; name = x509.c; path = "../sdk-luasocket/src/x509.c"; sourceTree = "<group>"; };
		4CB889401C61476F00CB6DF2 /* x509.h */ = {isa = PBXFileReference; fileEncoding = 4; lastKnownFileType = sourcecode.c.h; name = x509.h; path = "../sdk-luasocket/src/x509.h"; sourceTree = "<group>"; };
		502D3C7B171E32B100040046 /* libcrypto.a */ = {isa = PBXFileReference; lastKnownFileType = archive.ar; name = libcrypto.a; path = "../sdk-openssl/apple/lib/libcrypto.a"; sourceTree = "<group>"; };
		502D3C7C171E32B100040046 /* libssl.a */ = {isa = PBXFileReference; lastKnownFileType = archive.ar; name = libssl.a; path = "../sdk-openssl/apple/lib/libssl.a"; sourceTree = "<group>"; };
		50362DBF17209608009972A3 /* bio.c */ = {isa = PBXFileReference; fileEncoding = 4; lastKnownFileType = sourcecode.c.c; name = bio.c; path = "../sdk-lua-openssl/src/bio.c"; sourceTree = "<group>"; };
		50362DC017209608009972A3 /* cipher.c */ = {isa = PBXFileReference; fileEncoding = 4; lastKnownFileType = sourcecode.c.c; name = cipher.c; path = "../sdk-lua-openssl/src/cipher.c"; sourceTree = "<group>"; };
		50362DC117209608009972A3 /* conf.c */ = {isa = PBXFileReference; fileEncoding = 4; lastKnownFileType = sourcecode.c.c; name = conf.c; path = "../sdk-lua-openssl/src/conf.c"; sourceTree = "<group>"; };
		50362DC217209608009972A3 /* corona_auxiliar.c */ = {isa = PBXFileReference; fileEncoding = 4; lastKnownFileType = sourcecode.c.c; name = corona_auxiliar.c; path = "../sdk-lua-openssl/src/corona_auxiliar.c"; sourceTree = "<group>"; };
		50362DC317209608009972A3 /* corona_auxiliar.h */ = {isa = PBXFileReference; fileEncoding = 4; lastKnownFileType = sourcecode.c.h; name = corona_auxiliar.h; path = "../sdk-lua-openssl/src/corona_auxiliar.h"; sourceTree = "<group>"; };
		50362DC417209608009972A3 /* crl.c */ = {isa = PBXFileReference; fileEncoding = 4; lastKnownFileType = sourcecode.c.c; name = crl.c; path = "../sdk-lua-openssl/src/crl.c"; sourceTree = "<group>"; };
		50362DC517209608009972A3 /* csr.c */ = {isa = PBXFileReference; fileEncoding = 4; lastKnownFileType = sourcecode.c.c; name = csr.c; path = "../sdk-lua-openssl/src/csr.c"; sourceTree = "<group>"; };
		50362DC617209608009972A3 /* digest.c */ = {isa = PBXFileReference; fileEncoding = 4; lastKnownFileType = sourcecode.c.c; name = digest.c; path = "../sdk-lua-openssl/src/digest.c"; sourceTree = "<group>"; };
		50362DC717209608009972A3 /* ec_lcl.h */ = {isa = PBXFileReference; fileEncoding = 4; lastKnownFileType = sourcecode.c.h; name = ec_lcl.h; path = "../sdk-lua-openssl/src/ec_lcl.h"; sourceTree = "<group>"; };
		50362DC817209608009972A3 /* engine.c */ = {isa = PBXFileReference; fileEncoding = 4; lastKnownFileType = sourcecode.c.c; name = engine.c; path = "../sdk-lua-openssl/src/engine.c"; sourceTree = "<group>"; };
		50362DC917209608009972A3 /* lbn.c */ = {isa = PBXFileReference; fileEncoding = 4; lastKnownFileType = sourcecode.c.c; name = lbn.c; path = "../sdk-lua-openssl/src/lbn.c"; sourceTree = "<group>"; };
		50362DCA17209608009972A3 /* misc.c */ = {isa = PBXFileReference; fileEncoding = 4; lastKnownFileType = sourcecode.c.c; name = misc.c; path = "../sdk-lua-openssl/src/misc.c"; sourceTree = "<group>"; };
		50362DCB17209608009972A3 /* ocsp.c */ = {isa = PBXFileReference; fileEncoding = 4; lastKnownFileType = sourcecode.c.c; name = ocsp.c; path = "../sdk-lua-openssl/src/ocsp.c"; sourceTree = "<group>"; };
		50362DCC17209608009972A3 /* openssl.c */ = {isa = PBXFileReference; fileEncoding = 4; lastKnownFileType = sourcecode.c.c; name = openssl.c; path = "../sdk-lua-openssl/src/openssl.c"; sourceTree = "<group>"; };
		50362DCD17209608009972A3 /* openssl.h */ = {isa = PBXFileReference; fileEncoding = 4; lastKnownFileType = sourcecode.c.h; name = openssl.h; path = "../sdk-lua-openssl/src/openssl.h"; sourceTree = "<group>"; };
		50362DCE17209608009972A3 /* ots.c */ = {isa = PBXFileReference; fileEncoding = 4; lastKnownFileType = sourcecode.c.c; name = ots.c; path = "../sdk-lua-openssl/src/ots.c"; sourceTree = "<group>"; };
		50362DCF17209608009972A3 /* pkcs7.c */ = {isa = PBXFileReference; fileEncoding = 4; lastKnownFileType = sourcecode.c.c; name = pkcs7.c; path = "../sdk-lua-openssl/src/pkcs7.c"; sourceTree = "<group>"; };
		50362DD017209608009972A3 /* pkcs12.c */ = {isa = PBXFileReference; fileEncoding = 4; lastKnownFileType = sourcecode.c.c; name = pkcs12.c; path = "../sdk-lua-openssl/src/pkcs12.c"; sourceTree = "<group>"; };
		50362DD117209608009972A3 /* pkey.c */ = {isa = PBXFileReference; fileEncoding = 4; lastKnownFileType = sourcecode.c.c; name = pkey.c; path = "../sdk-lua-openssl/src/pkey.c"; sourceTree = "<group>"; };
		50362DD217209608009972A3 /* private.h */ = {isa = PBXFileReference; fileEncoding = 4; lastKnownFileType = sourcecode.c.h; name = private.h; path = "../sdk-lua-openssl/src/private.h"; sourceTree = "<group>"; };
		50362DD317209608009972A3 /* sk.h */ = {isa = PBXFileReference; fileEncoding = 4; lastKnownFileType = sourcecode.c.h; name = sk.h; path = "../sdk-lua-openssl/src/sk.h"; sourceTree = "<group>"; };
		50362DD417209608009972A3 /* ssl.c */ = {isa = PBXFileReference; fileEncoding = 4; lastKnownFileType = sourcecode.c.c; name = ssl.c; path = "../sdk-lua-openssl/src/ssl.c"; sourceTree = "<group>"; };
		50362DD517209608009972A3 /* x509.c */ = {isa = PBXFileReference; fileEncoding = 4; lastKnownFileType = sourcecode.c.c; name = x509.c; path = "../sdk-lua-openssl/src/x509.c"; sourceTree = "<group>"; };
		50362DD617209608009972A3 /* xattrs.c */ = {isa = PBXFileReference; fileEncoding = 4; lastKnownFileType = sourcecode.c.c; name = xattrs.c; path = "../sdk-lua-openssl/src/xattrs.c"; sourceTree = "<group>"; };
		50362DD717209608009972A3 /* xexts.c */ = {isa = PBXFileReference; fileEncoding = 4; lastKnownFileType = sourcecode.c.c; name = xexts.c; path = "../sdk-lua-openssl/src/xexts.c"; sourceTree = "<group>"; };
		50362DD817209608009972A3 /* xname.c */ = {isa = PBXFileReference; fileEncoding = 4; lastKnownFileType = sourcecode.c.c; name = xname.c; path = "../sdk-lua-openssl/src/xname.c"; sourceTree = "<group>"; };
		505018521762D0DB00834415 /* plugin_luasec_https.c */ = {isa = PBXFileReference; fileEncoding = 4; lastKnownFileType = sourcecode.c.c; name = plugin_luasec_https.c; path = "../sdk-lua-openssl/src/plugin_luasec_https.c"; sourceTree = "<group>"; };
		505018531762D0DB00834415 /* plugin_luasec_ssl.c */ = {isa = PBXFileReference; fileEncoding = 4; lastKnownFileType = sourcecode.c.c; name = plugin_luasec_ssl.c; path = "../sdk-lua-openssl/src/plugin_luasec_ssl.c"; sourceTree = "<group>"; };
		50951A011766A2C900A55651 /* context.c */ = {isa = PBXFileReference; fileEncoding = 4; lastKnownFileType = sourcecode.c.c; name = context.c; path = "../sdk-luasocket/src/context.c"; sourceTree = "<group>"; };
		50951A021766A2C900A55651 /* context.h */ = {isa = PBXFileReference; fileEncoding = 4; lastKnownFileType = sourcecode.c.h; name = context.h; path = "../sdk-luasocket/src/context.h"; sourceTree = "<group>"; };
		50951A031766A2C900A55651 /* ssl.c */ = {isa = PBXFileReference; fileEncoding = 4; lastKnownFileType = sourcecode.c.c; name = ssl.c; path = "../sdk-luasocket/src/ssl.c"; sourceTree = "<group>"; };
		50951A041766A2C900A55651 /* ssl.h */ = {isa = PBXFileReference; fileEncoding = 4; lastKnownFileType = sourcecode.c.h; name = ssl.h; path = "../sdk-luasocket/src/ssl.h"; sourceTree = "<group>"; };
		A4E253B6166D6FB300DCDC2C /* libplugin.openssl.a */ = {isa = PBXFileReference; explicitFileType = archive.ar; includeInIndex = 0; path = libplugin.openssl.a; sourceTree = BUILT_PRODUCTS_DIR; };
		F52865C322C3EF63006B4A88 /* ec.h */ = {isa = PBXFileReference; fileEncoding = 4; lastKnownFileType = sourcecode.c.h; name = ec.h; path = "../sdk-luasocket/src/ec.h"; sourceTree = "<group>"; };
		F52865C422C3EF63006B4A88 /* ec.c */ = {isa = PBXFileReference; fileEncoding = 4; lastKnownFileType = sourcecode.c.c; name = ec.c; path = "../sdk-luasocket/src/ec.c"; sourceTree = "<group>"; };
		F52865C622C3EF9A006B4A88 /* config.c */ = {isa = PBXFileReference; fileEncoding = 4; lastKnownFileType = sourcecode.c.c; name = config.c; path = "../sdk-luasocket/src/config.c"; sourceTree = "<group>"; };
		F52865C822C3F057006B4A88 /* config.h */ = {isa = PBXFileReference; lastKnownFileType = sourcecode.c.h; name = config.h; path = "../sdk-luasocket/src/config.h"; sourceTree = "<group>"; };
		F864FA3C19D60B48004CDC62 /* functions.c */ = {isa = PBXFileReference; fileEncoding = 4; lastKnownFileType = sourcecode.c.c; path = functions.c; sourceTree = "<group>"; };
/* End PBXFileReference section */

/* Begin PBXFrameworksBuildPhase section */
		A4E253B3166D6FB300DCDC2C /* Frameworks */ = {
			isa = PBXFrameworksBuildPhase;
			buildActionMask = 2147483647;
			files = (
				502D3C7D171E32B100040046 /* libcrypto.a in Frameworks */,
				502D3C7E171E32B100040046 /* libssl.a in Frameworks */,
			);
			runOnlyForDeploymentPostprocessing = 0;
		};
/* End PBXFrameworksBuildPhase section */

/* Begin PBXGroup section */
		502D3C4B171E31FE00040046 /* sdk-lua-openssl */ = {
			isa = PBXGroup;
			children = (
				50362DBF17209608009972A3 /* bio.c */,
				50362DC017209608009972A3 /* cipher.c */,
				50362DC117209608009972A3 /* conf.c */,
				50362DC217209608009972A3 /* corona_auxiliar.c */,
				50362DC317209608009972A3 /* corona_auxiliar.h */,
				50362DC417209608009972A3 /* crl.c */,
				50362DC517209608009972A3 /* csr.c */,
				50362DC617209608009972A3 /* digest.c */,
				50362DC717209608009972A3 /* ec_lcl.h */,
				50362DC817209608009972A3 /* engine.c */,
				50362DC917209608009972A3 /* lbn.c */,
				50362DCA17209608009972A3 /* misc.c */,
				50362DCB17209608009972A3 /* ocsp.c */,
				50362DCC17209608009972A3 /* openssl.c */,
				50362DCD17209608009972A3 /* openssl.h */,
				50362DCE17209608009972A3 /* ots.c */,
				50362DD017209608009972A3 /* pkcs12.c */,
				50362DCF17209608009972A3 /* pkcs7.c */,
				50362DD117209608009972A3 /* pkey.c */,
				505018521762D0DB00834415 /* plugin_luasec_https.c */,
				4C9A8E131C619C5000F97F19 /* plugin_luasec_options.c */,
				505018531762D0DB00834415 /* plugin_luasec_ssl.c */,
				50362DD217209608009972A3 /* private.h */,
				50362DD317209608009972A3 /* sk.h */,
				50362DD417209608009972A3 /* ssl.c */,
				50362DD517209608009972A3 /* x509.c */,
				50362DD617209608009972A3 /* xattrs.c */,
				50362DD717209608009972A3 /* xexts.c */,
				50362DD817209608009972A3 /* xname.c */,
			);
			name = "sdk-lua-openssl";
			sourceTree = "<group>";
		};
		502D3C7F171E32B900040046 /* Frameworks */ = {
			isa = PBXGroup;
			children = (
				502D3C7B171E32B100040046 /* libcrypto.a */,
				502D3C7C171E32B100040046 /* libssl.a */,
			);
			name = Frameworks;
			sourceTree = "<group>";
		};
		50951A001766A26900A55651 /* luasec */ = {
			isa = PBXGroup;
			children = (
				F52865C822C3F057006B4A88 /* config.h */,
				F52865C622C3EF9A006B4A88 /* config.c */,
				50951A011766A2C900A55651 /* context.c */,
				50951A021766A2C900A55651 /* context.h */,
				F52865C422C3EF63006B4A88 /* ec.c */,
				F52865C322C3EF63006B4A88 /* ec.h */,
				50951A031766A2C900A55651 /* ssl.c */,
				50951A041766A2C900A55651 /* ssl.h */,
				4CB8893F1C61476F00CB6DF2 /* x509.c */,
				4CB889401C61476F00CB6DF2 /* x509.h */,
			);
			name = luasec;
			sourceTree = "<group>";
		};
		A484110E15114F700074BD57 = {
			isa = PBXGroup;
			children = (
				F864FA3C19D60B48004CDC62 /* functions.c */,
				50951A001766A26900A55651 /* luasec */,
				502D3C4B171E31FE00040046 /* sdk-lua-openssl */,
				502D3C7F171E32B900040046 /* Frameworks */,
				A484111A15114F700074BD57 /* Products */,
			);
			sourceTree = "<group>";
		};
		A484111A15114F700074BD57 /* Products */ = {
			isa = PBXGroup;
			children = (
				A4E253B6166D6FB300DCDC2C /* libplugin.openssl.a */,
			);
			name = Products;
			sourceTree = "<group>";
		};
/* End PBXGroup section */

/* Begin PBXNativeTarget section */
		A4E253B5166D6FB300DCDC2C /* plugin.openssl */ = {
			isa = PBXNativeTarget;
			buildConfigurationList = A4E253BF166D6FB300DCDC2C /* Build configuration list for PBXNativeTarget "plugin.openssl" */;
			buildPhases = (
				4C9A8E121C618F7F00F97F19 /* ShellScript */,
				A4E253B2166D6FB300DCDC2C /* Sources */,
				A4E253B3166D6FB300DCDC2C /* Frameworks */,
				A4E253B4166D6FB300DCDC2C /* CopyFiles */,
			);
			buildRules = (
			);
			name = plugin.openssl;
			productName = plugin_library;
			productReference = A4E253B6166D6FB300DCDC2C /* libplugin.openssl.a */;
			productType = "com.apple.product-type.library.static";
		};
/* End PBXNativeTarget section */

/* Begin PBXProject section */
		A484111015114F700074BD57 /* Project object */ = {
			isa = PBXProject;
			attributes = {
				LastUpgradeCheck = 0420;
			};
			buildConfigurationList = A484111315114F700074BD57 /* Build configuration list for PBXProject "Plugin" */;
			compatibilityVersion = "Xcode 3.2";
			developmentRegion = English;
			hasScannedForEncodings = 0;
			knownRegions = (
				English,
				en,
			);
			mainGroup = A484110E15114F700074BD57;
			productRefGroup = A484111A15114F700074BD57 /* Products */;
			projectDirPath = "";
			projectRoot = "";
			targets = (
				A4E253B5166D6FB300DCDC2C /* plugin.openssl */,
			);
		};
/* End PBXProject section */

/* Begin PBXShellScriptBuildPhase section */
		4C9A8E121C618F7F00F97F19 /* ShellScript */ = {
			isa = PBXShellScriptBuildPhase;
			buildActionMask = 2147483647;
			files = (
			);
			inputPaths = (
			);
			outputPaths = (
			);
			runOnlyForDeploymentPostprocessing = 0;
			shellPath = /bin/sh;
			shellScript = "OUT_DIR=\"$SRCROOT/../sdk-lua-openssl/src\"\nCORONA_MAC_BIN_DIR=/Applications/CoronaEnterprise/Corona/mac/bin\n\n# Check for lua\nLUA_PATH=$CORONA_MAC_BIN_DIR/lua\nif [[ ! -x \"$LUA_PATH\" ]]; then\necho \"Could not find proper 32-bit lua build at $LUA_PATH\"\nexit 1\nfi\n\"$LUA_PATH\" -v\n\n# Compile each lua file.\nLUA2C_PATH=$CORONA_MAC_BIN_DIR/lua2c.sh\nLUA2C_INPUT_DIR=$SRCROOT/../sdk-lua-openssl/input_for_lua2c\nfind \"$LUA2C_INPUT_DIR\" -type f -name \"*.lua\" -print0 | xargs -0 -I {} \"$LUA2C_PATH\" \"{}\" \"$OUT_DIR\" \"Release\" \"$CORONA_MAC_BIN_DIR\"\n";
		};
/* End PBXShellScriptBuildPhase section */

/* Begin PBXSourcesBuildPhase section */
		A4E253B2166D6FB300DCDC2C /* Sources */ = {
			isa = PBXSourcesBuildPhase;
			buildActionMask = 2147483647;
			files = (
				50362DD917209608009972A3 /* bio.c in Sources */,
				50362DDA17209608009972A3 /* cipher.c in Sources */,
				50362DDB17209608009972A3 /* conf.c in Sources */,
				50362DDC17209608009972A3 /* corona_auxiliar.c in Sources */,
				50362DDD17209608009972A3 /* crl.c in Sources */,
				50362DDE17209608009972A3 /* csr.c in Sources */,
				50362DDF17209608009972A3 /* digest.c in Sources */,
				F52865C522C3EF63006B4A88 /* ec.c in Sources */,
				50362DE017209608009972A3 /* engine.c in Sources */,
				F864FA3E19D60B48004CDC62 /* functions.c in Sources */,
				50362DE117209608009972A3 /* lbn.c in Sources */,
				50362DE217209608009972A3 /* misc.c in Sources */,
				50362DE317209608009972A3 /* ocsp.c in Sources */,
				50362DE417209608009972A3 /* openssl.c in Sources */,
				50362DE517209608009972A3 /* ots.c in Sources */,
				50362DE617209608009972A3 /* pkcs7.c in Sources */,
				50362DE717209608009972A3 /* pkcs12.c in Sources */,
				50362DE817209608009972A3 /* pkey.c in Sources */,
				50362DE917209608009972A3 /* ssl.c in Sources */,
				F52865C722C3EF9A006B4A88 /* config.c in Sources */,
				50362DEA17209608009972A3 /* x509.c in Sources */,
				50362DEB17209608009972A3 /* xattrs.c in Sources */,
				50362DEC17209608009972A3 /* xexts.c in Sources */,
				50362DED17209608009972A3 /* xname.c in Sources */,
				505018551762D0DB00834415 /* plugin_luasec_ssl.c in Sources */,
				4CB889411C61476F00CB6DF2 /* x509.c in Sources */,
				50951A051766A2C900A55651 /* context.c in Sources */,
				4C9A8E111C618F0500F97F19 /* plugin_luasec_https.c in Sources */,
				4C9A8E141C619C5000F97F19 /* plugin_luasec_options.c in Sources */,
				50951A061766A2C900A55651 /* ssl.c in Sources */,
			);
			runOnlyForDeploymentPostprocessing = 0;
		};
/* End PBXSourcesBuildPhase section */

/* Begin XCBuildConfiguration section */
		A484114015114F700074BD57 /* Debug */ = {
			isa = XCBuildConfiguration;
			buildSettings = {
				ALWAYS_SEARCH_USER_PATHS = NO;
				"CODE_SIGN_IDENTITY[sdk=iphoneos*]" = "iPhone Developer";
				COPY_PHASE_STRIP = NO;
				GCC_C_LANGUAGE_STANDARD = gnu99;
				GCC_DYNAMIC_NO_PIC = NO;
				GCC_OPTIMIZATION_LEVEL = 0;
				GCC_PREPROCESSOR_DEFINITIONS = (
					"DEBUG=1",
					"$(inherited)",
				);
				GCC_SYMBOLS_PRIVATE_EXTERN = NO;
				GCC_VERSION = com.apple.compilers.llvm.clang.1_0;
				GCC_WARN_ABOUT_MISSING_PROTOTYPES = YES;
				GCC_WARN_ABOUT_RETURN_TYPE = YES;
				GCC_WARN_UNUSED_VARIABLE = YES;
				IPHONEOS_DEPLOYMENT_TARGET = 6.0;
				SDKROOT = iphoneos;
				TARGETED_DEVICE_FAMILY = "1,2";
				USER_HEADER_SEARCH_PATHS = "${SRCROOT}/CoronaEnterprise/Corona/shared/include/Corona ${SRCROOT}/CoronaEnterprise/Corona/shared/include/lua ${SRCROOT}/CoronaEnterprise/Corona/ios/include/Corona";
			};
			name = Debug;
		};
		A484114115114F700074BD57 /* Release */ = {
			isa = XCBuildConfiguration;
			buildSettings = {
				ALWAYS_SEARCH_USER_PATHS = NO;
				"CODE_SIGN_IDENTITY[sdk=iphoneos*]" = "iPhone Developer";
				COPY_PHASE_STRIP = YES;
				GCC_C_LANGUAGE_STANDARD = gnu99;
				GCC_VERSION = com.apple.compilers.llvm.clang.1_0;
				GCC_WARN_ABOUT_MISSING_PROTOTYPES = YES;
				GCC_WARN_ABOUT_RETURN_TYPE = YES;
				GCC_WARN_UNUSED_VARIABLE = YES;
				IPHONEOS_DEPLOYMENT_TARGET = 6.0;
				OTHER_CFLAGS = "-DNS_BLOCK_ASSERTIONS=1";
				SDKROOT = iphoneos;
				TARGETED_DEVICE_FAMILY = "1,2";
				USER_HEADER_SEARCH_PATHS = "${SRCROOT}/CoronaEnterprise/Corona/shared/include/Corona ${SRCROOT}/CoronaEnterprise/Corona/shared/include/lua ${SRCROOT}/CoronaEnterprise/Corona/ios/include/Corona";
				VALIDATE_PRODUCT = YES;
			};
			name = Release;
		};
		A4E253C0166D6FB300DCDC2C /* Debug */ = {
			isa = XCBuildConfiguration;
			buildSettings = {
				CLANG_WARN_EMPTY_BODY = YES;
				CLANG_WARN__DUPLICATE_METHOD_MATCH = YES;
				DSTROOT = /tmp/openssl.dst;
				ENABLE_BITCODE = NO;
				GCC_PRECOMPILE_PREFIX_HEADER = NO;
				GCC_WARN_UNINITIALIZED_AUTOS = YES;
				HEADER_SEARCH_PATHS = (
					"../sdk-openssl/apple/include",
					"../sdk-luasocket/src",
					"../sdk-lua-openssl/src",
					"${SRCROOT}/CoronaEnterprise/Corona/shared/include/lua",
				);
				LIBRARY_SEARCH_PATHS = (
					"$(inherited)",
					"../sdk-openssl/apple/lib",
				);
				OTHER_LDFLAGS = "-ObjC";
				PRODUCT_NAME = "$(TARGET_NAME)";
				SKIP_INSTALL = YES;
				USER_HEADER_SEARCH_PATHS = "${SRCROOT}/CoronaEnterprise/Corona/shared/include/Corona ${SRCROOT}/CoronaEnterprise/Corona/shared/include/lua ${SRCROOT}/CoronaEnterprise/Corona/ios/include/Corona";
			};
			name = Debug;
		};
		A4E253C1166D6FB300DCDC2C /* Release */ = {
			isa = XCBuildConfiguration;
			buildSettings = {
				CLANG_WARN_EMPTY_BODY = YES;
				CLANG_WARN__DUPLICATE_METHOD_MATCH = YES;
				DSTROOT = /tmp/openssl.dst;
				ENABLE_BITCODE = NO;
				GCC_PRECOMPILE_PREFIX_HEADER = NO;
				GCC_WARN_UNINITIALIZED_AUTOS = YES;
				HEADER_SEARCH_PATHS = (
					"../sdk-openssl/apple/include",
					"../sdk-luasocket/src",
					"${SRCROOT}/CoronaEnterprise/Corona/shared/include/lua",
				);
				LIBRARY_SEARCH_PATHS = (
					"$(inherited)",
					"../sdk-openssl/apple/lib",
				);
				OTHER_LDFLAGS = "-ObjC";
				PRODUCT_NAME = "$(TARGET_NAME)";
				SKIP_INSTALL = YES;
				USER_HEADER_SEARCH_PATHS = "${SRCROOT}/CoronaEnterprise/Corona/shared/include/Corona ${SRCROOT}/CoronaEnterprise/Corona/shared/include/lua ${SRCROOT}/CoronaEnterprise/Corona/ios/include/Corona";
			};
			name = Release;
		};
/* End XCBuildConfiguration section */

/* Begin XCConfigurationList section */
		A484111315114F700074BD57 /* Build configuration list for PBXProject "Plugin" */ = {
			isa = XCConfigurationList;
			buildConfigurations = (
				A484114015114F700074BD57 /* Debug */,
				A484114115114F700074BD57 /* Release */,
			);
			defaultConfigurationIsVisible = 0;
			defaultConfigurationName = Release;
		};
		A4E253BF166D6FB300DCDC2C /* Build configuration list for PBXNativeTarget "plugin.openssl" */ = {
			isa = XCConfigurationList;
			buildConfigurations = (
				A4E253C0166D6FB300DCDC2C /* Debug */,
				A4E253C1166D6FB300DCDC2C /* Release */,
			);
			defaultConfigurationIsVisible = 0;
			defaultConfigurationName = Release;
		};
/* End XCConfigurationList section */
	};
	rootObject = A484111015114F700074BD57 /* Project object */;
}
