<?xml version="1.0" encoding="utf-8"?>
<Project ToolsVersion="4.0" xmlns="http://schemas.microsoft.com/developer/msbuild/2003">
  <ItemGroup>
    <Filter Include="sdk-lua-openssl">
      <UniqueIdentifier>{43023b3c-476d-42ea-9f02-81955e50b8ac}</UniqueIdentifier>
    </Filter>
    <Filter Include="sdk-luasocket">
      <UniqueIdentifier>{05aab7c2-bdc5-4865-90ac-2203e1b1eedf}</UniqueIdentifier>
    </Filter>
    <Filter Include="input_for_lua2c">
      <UniqueIdentifier>{1eec79e5-ffa5-4046-a57b-2dd6f096a118}</UniqueIdentifier>
    </Filter>
  </ItemGroup>
  <ItemGroup>
    <ClCompile Include="..\sdk-lua-openssl\src\asn1.c">
      <Filter>sdk-lua-openssl</Filter>
    </ClCompile>
    <ClCompile Include="..\sdk-lua-openssl\src\bio.c">
      <Filter>sdk-lua-openssl</Filter>
    </ClCompile>
    <ClCompile Include="..\sdk-lua-openssl\src\callback.c">
      <Filter>sdk-lua-openssl</Filter>
    </ClCompile>
    <ClCompile Include="..\sdk-lua-openssl\src\cipher.c">
      <Filter>sdk-lua-openssl</Filter>
    </ClCompile>
    <ClCompile Include="..\sdk-lua-openssl\src\cms.c">
      <Filter>sdk-lua-openssl</Filter>
    </ClCompile>
    <ClCompile Include="..\sdk-lua-openssl\src\compat.c">
      <Filter>sdk-lua-openssl</Filter>
    </ClCompile>
    <ClCompile Include="..\sdk-lua-openssl\src\crl.c">
      <Filter>sdk-lua-openssl</Filter>
    </ClCompile>
    <ClCompile Include="..\sdk-lua-openssl\src\csr.c">
      <Filter>sdk-lua-openssl</Filter>
    </ClCompile>
    <ClCompile Include="..\sdk-lua-openssl\src\dh.c">
      <Filter>sdk-lua-openssl</Filter>
    </ClCompile>
    <ClCompile Include="..\sdk-lua-openssl\src\digest.c">
      <Filter>sdk-lua-openssl</Filter>
    </ClCompile>
    <ClCompile Include="..\sdk-lua-openssl\src\dsa.c">
      <Filter>sdk-lua-openssl</Filter>
    </ClCompile>
    <ClCompile Include="..\sdk-lua-openssl\src\ec.c">
      <Filter>sdk-lua-openssl</Filter>
    </ClCompile>
    <ClCompile Include="..\sdk-lua-openssl\src\engine.c">
      <Filter>sdk-lua-openssl</Filter>
    </ClCompile>
    <ClCompile Include="..\sdk-lua-openssl\src\hmac.c">
      <Filter>sdk-lua-openssl</Filter>
    </ClCompile>
    <ClCompile Include="..\sdk-lua-openssl\src\lbn.c">
      <Filter>sdk-lua-openssl</Filter>
    </ClCompile>
    <ClCompile Include="..\sdk-lua-openssl\src\lhash.c">
      <Filter>sdk-lua-openssl</Filter>
    </ClCompile>
    <ClCompile Include="..\sdk-lua-openssl\src\misc.c">
      <Filter>sdk-lua-openssl</Filter>
    </ClCompile>
    <ClCompile Include="..\sdk-lua-openssl\src\ocsp.c">
      <Filter>sdk-lua-openssl</Filter>
    </ClCompile>
    <ClCompile Include="..\sdk-lua-openssl\src\openssl.c">
      <Filter>sdk-lua-openssl</Filter>
    </ClCompile>
    <ClCompile Include="..\sdk-lua-openssl\src\ots.c">
      <Filter>sdk-lua-openssl</Filter>
    </ClCompile>
    <ClCompile Include="..\sdk-lua-openssl\src\pkcs7.c">
      <Filter>sdk-lua-openssl</Filter>
    </ClCompile>
    <ClCompile Include="..\sdk-lua-openssl\src\pkcs12.c">
      <Filter>sdk-lua-openssl</Filter>
    </ClCompile>
    <ClCompile Include="..\sdk-lua-openssl\src\pkey.c">
      <Filter>sdk-lua-openssl</Filter>
    </ClCompile>
    <ClCompile Include="..\sdk-lua-openssl\src\rsa.c">
      <Filter>sdk-lua-openssl</Filter>
    </ClCompile>
    <ClCompile Include="..\sdk-lua-openssl\src\srp.c">
      <Filter>sdk-lua-openssl</Filter>
    </ClCompile>
    <ClCompile Include="..\sdk-lua-openssl\src\ssl.c">
      <Filter>sdk-lua-openssl</Filter>
    </ClCompile>
    <ClCompile Include="..\sdk-lua-openssl\src\th-lock.c">
      <Filter>sdk-lua-openssl</Filter>
    </ClCompile>
    <ClCompile Include="..\sdk-lua-openssl\src\util.c">
      <Filter>sdk-lua-openssl</Filter>
    </ClCompile>
    <ClCompile Include="..\sdk-lua-openssl\src\x509.c">
      <Filter>sdk-lua-openssl</Filter>
    </ClCompile>
    <ClCompile Include="..\sdk-lua-openssl\src\xalgor.c">
      <Filter>sdk-lua-openssl</Filter>
    </ClCompile>
    <ClCompile Include="..\sdk-lua-openssl\src\xattrs.c">
      <Filter>sdk-lua-openssl</Filter>
    </ClCompile>
    <ClCompile Include="..\sdk-lua-openssl\src\xexts.c">
      <Filter>sdk-lua-openssl</Filter>
    </ClCompile>
    <ClCompile Include="..\sdk-lua-openssl\src\xname.c">
      <Filter>sdk-lua-openssl</Filter>
    </ClCompile>
    <ClCompile Include="..\sdk-lua-openssl\src\xstore.c">
      <Filter>sdk-lua-openssl</Filter>
    </ClCompile>
    <ClCompile Include="..\sdk-luasocket\src\auxiliar.c">
      <Filter>sdk-luasocket</Filter>
    </ClCompile>
    <ClCompile Include="..\sdk-luasocket\src\buffer.c">
      <Filter>sdk-luasocket</Filter>
    </ClCompile>
    <ClCompile Include="..\sdk-luasocket\src\compat.c">
      <Filter>sdk-luasocket</Filter>
    </ClCompile>
    <ClCompile Include="..\sdk-luasocket\src\config.c">
      <Filter>sdk-luasocket</Filter>
    </ClCompile>
    <ClCompile Include="..\sdk-luasocket\src\context.c">
      <Filter>sdk-luasocket</Filter>
    </ClCompile>
    <ClCompile Include="..\sdk-luasocket\src\ec.c">
      <Filter>sdk-luasocket</Filter>
    </ClCompile>
    <ClCompile Include="..\sdk-luasocket\src\except.c">
      <Filter>sdk-luasocket</Filter>
    </ClCompile>
    <ClCompile Include="..\sdk-luasocket\src\inet.c">
      <Filter>sdk-luasocket</Filter>
    </ClCompile>
    <ClCompile Include="..\sdk-luasocket\src\io.c">
      <Filter>sdk-luasocket</Filter>
    </ClCompile>
    <ClCompile Include="..\sdk-luasocket\src\luasocket.c">
      <Filter>sdk-luasocket</Filter>
    </ClCompile>
    <ClCompile Include="..\sdk-luasocket\src\mime.c">
      <Filter>sdk-luasocket</Filter>
    </ClCompile>
    <ClCompile Include="..\sdk-luasocket\src\options.c">
      <Filter>sdk-luasocket</Filter>
    </ClCompile>
    <ClCompile Include="..\sdk-luasocket\src\select.c">
      <Filter>sdk-luasocket</Filter>
    </ClCompile>
    <ClCompile Include="..\sdk-luasocket\src\ssl.c">
      <Filter>sdk-luasocket</Filter>
    </ClCompile>
    <ClCompile Include="..\sdk-luasocket\src\tcp.c">
      <Filter>sdk-luasocket</Filter>
    </ClCompile>
    <ClCompile Include="..\sdk-luasocket\src\timeout.c">
      <Filter>sdk-luasocket</Filter>
    </ClCompile>
    <ClCompile Include="..\sdk-luasocket\src\udp.c">
      <Filter>sdk-luasocket</Filter>
    </ClCompile>
    <ClCompile Include="..\sdk-luasocket\src\wsocket.c">
      <Filter>sdk-luasocket</Filter>
    </ClCompile>
    <ClCompile Include="..\sdk-luasocket\src\x509.c">
      <Filter>sdk-luasocket</Filter>
    </ClCompile>
    <ClCompile Include="..\sdk-luasocket\src\winrtservices.cpp">
      <Filter>sdk-luasocket</Filter>
    </ClCompile>
    <ClCompile Include="..\sdk-lua-openssl\deps\auxiliar\subsidiar.c">
      <Filter>sdk-lua-openssl</Filter>
    </ClCompile>
    <ClCompile Include="..\sdk-lua-openssl\deps\lua-compat\c-api\compat-5.3.c">
      <Filter>sdk-lua-openssl</Filter>
    </ClCompile>
  </ItemGroup>
  <ItemGroup>
    <LuaToCpp Include="..\sdk-lua-openssl\input_for_lua2c\plugin_luasec_https.lua">
      <Filter>input_for_lua2c</Filter>
    </LuaToCpp>
    <LuaToCpp Include="..\sdk-lua-openssl\input_for_lua2c\plugin_luasec_ssl.lua">
      <Filter>input_for_lua2c</Filter>
    </LuaToCpp>
  </ItemGroup>
</Project>